
Microsoft Visual Studio Solution File, Format Version 12.00
# Visual Studio Version 17
VisualStudioVersion = 17.13.35825.156 d17.13
MinimumVisualStudioVersion = 10.0.40219.1
Project("{FAE04EC0-301F-11D3-BF4B-00C04F79EFBC}") = "WpfApp1", "WpfApp1\WpfApp1.csproj", "{2FC8475F-132E-46AD-B1FD-CCE70471C9AE}"
EndProject
Global
	GlobalSection(SolutionConfigurationPlatforms) = preSolution
		Debug|Any CPU = Debug|Any CPU
		Release|Any CPU = Release|Any CPU
	EndGlobalSection
	GlobalSection(ProjectConfigurationPlatforms) = postSolution
		{2FC8475F-132E-46AD-B1FD-CCE70471C9AE}.Debug|Any CPU.ActiveCfg = Debug|Any CPU
		{2FC8475F-132E-46AD-B1FD-CCE70471C9AE}.Debug|Any CPU.Build.0 = Debug|Any CPU
		{2FC8475F-132E-46AD-B1FD-CCE70471C9AE}.Release|Any CPU.ActiveCfg = Release|Any CPU
		{2FC8475F-132E-46AD-B1FD-CCE70471C9AE}.Release|Any CPU.Build.0 = Release|Any CPU
	EndGlobalSection
	GlobalSection(SolutionProperties) = preSolution
		HideSolutionNode = FALSE
	EndGlobalSection
	GlobalSection(ExtensibilityGlobals) = postSolution
		SolutionGuid = {7DEBE0EE-8FB2-49F7-8791-558907005863}
	EndGlobalSection
EndGlobal
